// !$*UTF8*$!
{
	archiveVersion = 1;
	classes = {
	};
	objectVersion = 48;
	objects = {

/* Begin PBXBuildFile section */
		1F06B75A21736E02000CAD80 /* WoodPeckeriOS.framework in Frameworks */ = {isa = PBXBuildFile; fileRef = 1F06B756217355E8000CAD80 /* WoodPeckeriOS.framework */; };
		1F06B75B21736E02000CAD80 /* WoodPeckeriOS.framework in Embed Frameworks */ = {isa = PBXBuildFile; fileRef = 1F06B756217355E8000CAD80 /* WoodPeckeriOS.framework */; settings = {ATTRIBUTES = (CodeSignOnCopy, RemoveHeadersOnCopy, ); }; };
		1F3A946420C570C7008AE09A /* NotificationViewController.m in Sources */ = {isa = PBXBuildFile; fileRef = 1F3A946220C570C7008AE09A /* NotificationViewController.m */; };
		1F3A946520C570C7008AE09A /* NotificationViewController.xib in Resources */ = {isa = PBXBuildFile; fileRef = 1F3A946320C570C7008AE09A /* NotificationViewController.xib */; };
		1F46EBE120CBEA980037445F /* ConsoleViewController.m in Sources */ = {isa = PBXBuildFile; fileRef = 1F46EBDF20CBEA980037445F /* ConsoleViewController.m */; };
		1F46EBE220CBEA980037445F /* ConsoleViewController.xib in Resources */ = {isa = PBXBuildFile; fileRef = 1F46EBE020CBEA980037445F /* ConsoleViewController.xib */; };
		1F9DC462200F83C700DFC64E /* AppDelegate.m in Sources */ = {isa = PBXBuildFile; fileRef = 1F9DC461200F83C700DFC64E /* AppDelegate.m */; };
		1F9DC46A200F83C700DFC64E /* Assets.xcassets in Resources */ = {isa = PBXBuildFile; fileRef = 1F9DC469200F83C700DFC64E /* Assets.xcassets */; };
		1F9DC46D200F83C700DFC64E /* LaunchScreen.storyboard in Resources */ = {isa = PBXBuildFile; fileRef = 1F9DC46B200F83C700DFC64E /* LaunchScreen.storyboard */; };
		1F9DC470200F83C700DFC64E /* main.m in Sources */ = {isa = PBXBuildFile; fileRef = 1F9DC46F200F83C700DFC64E /* main.m */; };
		1F9DC47B200F846100DFC64E /* IndexViewController.m in Sources */ = {isa = PBXBuildFile; fileRef = 1F9DC479200F846100DFC64E /* IndexViewController.m */; };
		1F9DC47C200F846100DFC64E /* IndexViewController.xib in Resources */ = {isa = PBXBuildFile; fileRef = 1F9DC47A200F846100DFC64E /* IndexViewController.xib */; };
		1F9DC484200F8BBE00DFC64E /* SandBoxViewController.m in Sources */ = {isa = PBXBuildFile; fileRef = 1F9DC482200F8BBE00DFC64E /* SandBoxViewController.m */; };
		1F9DC485200F8BBE00DFC64E /* SandBoxViewController.xib in Resources */ = {isa = PBXBuildFile; fileRef = 1F9DC483200F8BBE00DFC64E /* SandBoxViewController.xib */; };
		1F9DC487200F914100DFC64E /* images.xcassets in Resources */ = {isa = PBXBuildFile; fileRef = 1F9DC486200F914100DFC64E /* images.xcassets */; };
		1F9DC495200F94FB00DFC64E /* NetworkViewController.m in Sources */ = {isa = PBXBuildFile; fileRef = 1F9DC493200F94FB00DFC64E /* NetworkViewController.m */; };
		1F9DC496200F94FB00DFC64E /* NetworkViewController.xib in Resources */ = {isa = PBXBuildFile; fileRef = 1F9DC494200F94FB00DFC64E /* NetworkViewController.xib */; };
		1F9DC49A200F99C300DFC64E /* IOViewController.m in Sources */ = {isa = PBXBuildFile; fileRef = 1F9DC498200F99C300DFC64E /* IOViewController.m */; };
		1F9DC49B200F99C300DFC64E /* IOViewController.xib in Resources */ = {isa = PBXBuildFile; fileRef = 1F9DC499200F99C300DFC64E /* IOViewController.xib */; };
		1F9DC49E200F9AF400DFC64E /* EchoService.m in Sources */ = {isa = PBXBuildFile; fileRef = 1F9DC49D200F9AF400DFC64E /* EchoService.m */; };
		1F9DC4A2200F9D3F00DFC64E /* WebContentViewController.xib in Resources */ = {isa = PBXBuildFile; fileRef = 1F9DC49F200F9D3F00DFC64E /* WebContentViewController.xib */; };
		1F9DC4A3200F9D3F00DFC64E /* WebContentViewController.m in Sources */ = {isa = PBXBuildFile; fileRef = 1F9DC4A1200F9D3F00DFC64E /* WebContentViewController.m */; };
		1F9DC4A7200F9D4800DFC64E /* WebConsoleViewController.m in Sources */ = {isa = PBXBuildFile; fileRef = 1F9DC4A5200F9D4800DFC64E /* WebConsoleViewController.m */; };
		1F9DC4A8200F9D4800DFC64E /* WebConsoleViewController.xib in Resources */ = {isa = PBXBuildFile; fileRef = 1F9DC4A6200F9D4800DFC64E /* WebConsoleViewController.xib */; };
		1FB43ABF20ADCA9E00BD5B85 /* ControllerHierarchyViewController.m in Sources */ = {isa = PBXBuildFile; fileRef = 1FB43ABD20ADCA9E00BD5B85 /* ControllerHierarchyViewController.m */; };
		1FB43AC020ADCA9E00BD5B85 /* ControllerHierarchyViewController.xib in Resources */ = {isa = PBXBuildFile; fileRef = 1FB43ABE20ADCA9E00BD5B85 /* ControllerHierarchyViewController.xib */; };
		1FE5C58F205CC1CF000EC631 /* UserDefaultsViewController.m in Sources */ = {isa = PBXBuildFile; fileRef = 1FE5C58D205CC1CF000EC631 /* UserDefaultsViewController.m */; };
		1FE5C590205CC1CF000EC631 /* UserDefaultsViewController.xib in Resources */ = {isa = PBXBuildFile; fileRef = 1FE5C58E205CC1CF000EC631 /* UserDefaultsViewController.xib */; };
		1FE5C595205CC35D000EC631 /* DeviceInfoViewController.m in Sources */ = {isa = PBXBuildFile; fileRef = 1FE5C593205CC35D000EC631 /* DeviceInfoViewController.m */; };
		1FE5C596205CC35D000EC631 /* DeviceInfoViewController.xib in Resources */ = {isa = PBXBuildFile; fileRef = 1FE5C594205CC35D000EC631 /* DeviceInfoViewController.xib */; };
/* End PBXBuildFile section */

/* Begin PBXCopyFilesBuildPhase section */
		1F06B75C21736E02000CAD80 /* Embed Frameworks */ = {
			isa = PBXCopyFilesBuildPhase;
			buildActionMask = 2147483647;
			dstPath = "";
			dstSubfolderSpec = 10;
			files = (
				1F06B75B21736E02000CAD80 /* WoodPeckeriOS.framework in Embed Frameworks */,
			);
			name = "Embed Frameworks";
			runOnlyForDeploymentPostprocessing = 0;
		};
/* End PBXCopyFilesBuildPhase section */

/* Begin PBXFileReference section */
		1F06B756217355E8000CAD80 /* WoodPeckeriOS.framework */ = {isa = PBXFileReference; lastKnownFileType = wrapper.framework; name = WoodPeckeriOS.framework; path = ../WoodPeckeriOS.framework; sourceTree = "<group>"; };
		1F3A946120C570C7008AE09A /* NotificationViewController.h */ = {isa = PBXFileReference; lastKnownFileType = sourcecode.c.h; path = NotificationViewController.h; sourceTree = "<group>"; };
		1F3A946220C570C7008AE09A /* NotificationViewController.m */ = {isa = PBXFileReference; lastKnownFileType = sourcecode.c.objc; path = NotificationViewController.m; sourceTree = "<group>"; };
		1F3A946320C570C7008AE09A /* NotificationViewController.xib */ = {isa = PBXFileReference; lastKnownFileType = file.xib; path = NotificationViewController.xib; sourceTree = "<group>"; };
		1F46EBDE20CBEA980037445F /* ConsoleViewController.h */ = {isa = PBXFileReference; lastKnownFileType = sourcecode.c.h; path = ConsoleViewController.h; sourceTree = "<group>"; };
		1F46EBDF20CBEA980037445F /* ConsoleViewController.m */ = {isa = PBXFileReference; lastKnownFileType = sourcecode.c.objc; path = ConsoleViewController.m; sourceTree = "<group>"; };
		1F46EBE020CBEA980037445F /* ConsoleViewController.xib */ = {isa = PBXFileReference; lastKnownFileType = file.xib; path = ConsoleViewController.xib; sourceTree = "<group>"; };
		1F9DC45D200F83C700DFC64E /* WoodPeckerDemo.app */ = {isa = PBXFileReference; explicitFileType = wrapper.application; includeInIndex = 0; path = WoodPeckerDemo.app; sourceTree = BUILT_PRODUCTS_DIR; };
		1F9DC460200F83C700DFC64E /* AppDelegate.h */ = {isa = PBXFileReference; lastKnownFileType = sourcecode.c.h; path = AppDelegate.h; sourceTree = "<group>"; };
		1F9DC461200F83C700DFC64E /* AppDelegate.m */ = {isa = PBXFileReference; lastKnownFileType = sourcecode.c.objc; path = AppDelegate.m; sourceTree = "<group>"; };
		1F9DC469200F83C700DFC64E /* Assets.xcassets */ = {isa = PBXFileReference; lastKnownFileType = folder.assetcatalog; path = Assets.xcassets; sourceTree = "<group>"; };
		1F9DC46C200F83C700DFC64E /* Base */ = {isa = PBXFileReference; lastKnownFileType = file.storyboard; name = Base; path = Base.lproj/LaunchScreen.storyboard; sourceTree = "<group>"; };
		1F9DC46E200F83C700DFC64E /* Info.plist */ = {isa = PBXFileReference; lastKnownFileType = text.plist.xml; path = Info.plist; sourceTree = "<group>"; };
		1F9DC46F200F83C700DFC64E /* main.m */ = {isa = PBXFileReference; lastKnownFileType = sourcecode.c.objc; path = main.m; sourceTree = "<group>"; };
		1F9DC478200F846100DFC64E /* IndexViewController.h */ = {isa = PBXFileReference; lastKnownFileType = sourcecode.c.h; path = IndexViewController.h; sourceTree = "<group>"; };
		1F9DC479200F846100DFC64E /* IndexViewController.m */ = {isa = PBXFileReference; lastKnownFileType = sourcecode.c.objc; path = IndexViewController.m; sourceTree = "<group>"; };
		1F9DC47A200F846100DFC64E /* IndexViewController.xib */ = {isa = PBXFileReference; lastKnownFileType = file.xib; path = IndexViewController.xib; sourceTree = "<group>"; };
		1F9DC481200F8BBE00DFC64E /* SandBoxViewController.h */ = {isa = PBXFileReference; lastKnownFileType = sourcecode.c.h; path = SandBoxViewController.h; sourceTree = "<group>"; };
		1F9DC482200F8BBE00DFC64E /* SandBoxViewController.m */ = {isa = PBXFileReference; lastKnownFileType = sourcecode.c.objc; path = SandBoxViewController.m; sourceTree = "<group>"; };
		1F9DC483200F8BBE00DFC64E /* SandBoxViewController.xib */ = {isa = PBXFileReference; lastKnownFileType = file.xib; path = SandBoxViewController.xib; sourceTree = "<group>"; };
		1F9DC486200F914100DFC64E /* images.xcassets */ = {isa = PBXFileReference; lastKnownFileType = folder.assetcatalog; path = images.xcassets; sourceTree = "<group>"; };
		1F9DC492200F94FB00DFC64E /* NetworkViewController.h */ = {isa = PBXFileReference; lastKnownFileType = sourcecode.c.h; path = NetworkViewController.h; sourceTree = "<group>"; };
		1F9DC493200F94FB00DFC64E /* NetworkViewController.m */ = {isa = PBXFileReference; lastKnownFileType = sourcecode.c.objc; path = NetworkViewController.m; sourceTree = "<group>"; };
		1F9DC494200F94FB00DFC64E /* NetworkViewController.xib */ = {isa = PBXFileReference; lastKnownFileType = file.xib; path = NetworkViewController.xib; sourceTree = "<group>"; };
		1F9DC497200F99C300DFC64E /* IOViewController.h */ = {isa = PBXFileReference; lastKnownFileType = sourcecode.c.h; path = IOViewController.h; sourceTree = "<group>"; };
		1F9DC498200F99C300DFC64E /* IOViewController.m */ = {isa = PBXFileReference; lastKnownFileType = sourcecode.c.objc; path = IOViewController.m; sourceTree = "<group>"; };
		1F9DC499200F99C300DFC64E /* IOViewController.xib */ = {isa = PBXFileReference; lastKnownFileType = file.xib; path = IOViewController.xib; sourceTree = "<group>"; };
		1F9DC49C200F9AF400DFC64E /* EchoService.h */ = {isa = PBXFileReference; lastKnownFileType = sourcecode.c.h; path = EchoService.h; sourceTree = "<group>"; };
		1F9DC49D200F9AF400DFC64E /* EchoService.m */ = {isa = PBXFileReference; lastKnownFileType = sourcecode.c.objc; path = EchoService.m; sourceTree = "<group>"; };
		1F9DC49F200F9D3F00DFC64E /* WebContentViewController.xib */ = {isa = PBXFileReference; fileEncoding = 4; lastKnownFileType = file.xib; path = WebContentViewController.xib; sourceTree = "<group>"; };
		1F9DC4A0200F9D3F00DFC64E /* WebContentViewController.h */ = {isa = PBXFileReference; fileEncoding = 4; lastKnownFileType = sourcecode.c.h; path = WebContentViewController.h; sourceTree = "<group>"; };
		1F9DC4A1200F9D3F00DFC64E /* WebContentViewController.m */ = {isa = PBXFileReference; fileEncoding = 4; lastKnownFileType = sourcecode.c.objc; path = WebContentViewController.m; sourceTree = "<group>"; };
		1F9DC4A4200F9D4800DFC64E /* WebConsoleViewController.h */ = {isa = PBXFileReference; lastKnownFileType = sourcecode.c.h; path = WebConsoleViewController.h; sourceTree = "<group>"; };
		1F9DC4A5200F9D4800DFC64E /* WebConsoleViewController.m */ = {isa = PBXFileReference; lastKnownFileType = sourcecode.c.objc; path = WebConsoleViewController.m; sourceTree = "<group>"; };
		1F9DC4A6200F9D4800DFC64E /* WebConsoleViewController.xib */ = {isa = PBXFileReference; lastKnownFileType = file.xib; path = WebConsoleViewController.xib; sourceTree = "<group>"; };
		1FB43ABC20ADCA9E00BD5B85 /* ControllerHierarchyViewController.h */ = {isa = PBXFileReference; lastKnownFileType = sourcecode.c.h; path = ControllerHierarchyViewController.h; sourceTree = "<group>"; };
		1FB43ABD20ADCA9E00BD5B85 /* ControllerHierarchyViewController.m */ = {isa = PBXFileReference; lastKnownFileType = sourcecode.c.objc; path = ControllerHierarchyViewController.m; sourceTree = "<group>"; };
		1FB43ABE20ADCA9E00BD5B85 /* ControllerHierarchyViewController.xib */ = {isa = PBXFileReference; lastKnownFileType = file.xib; path = ControllerHierarchyViewController.xib; sourceTree = "<group>"; };
		1FE5C58C205CC1CF000EC631 /* UserDefaultsViewController.h */ = {isa = PBXFileReference; lastKnownFileType = sourcecode.c.h; path = UserDefaultsViewController.h; sourceTree = "<group>"; };
		1FE5C58D205CC1CF000EC631 /* UserDefaultsViewController.m */ = {isa = PBXFileReference; lastKnownFileType = sourcecode.c.objc; path = UserDefaultsViewController.m; sourceTree = "<group>"; };
		1FE5C58E205CC1CF000EC631 /* UserDefaultsViewController.xib */ = {isa = PBXFileReference; lastKnownFileType = file.xib; path = UserDefaultsViewController.xib; sourceTree = "<group>"; };
		1FE5C592205CC35D000EC631 /* DeviceInfoViewController.h */ = {isa = PBXFileReference; lastKnownFileType = sourcecode.c.h; path = DeviceInfoViewController.h; sourceTree = "<group>"; };
		1FE5C593205CC35D000EC631 /* DeviceInfoViewController.m */ = {isa = PBXFileReference; lastKnownFileType = sourcecode.c.objc; path = DeviceInfoViewController.m; sourceTree = "<group>"; };
		1FE5C594205CC35D000EC631 /* DeviceInfoViewController.xib */ = {isa = PBXFileReference; lastKnownFileType = file.xib; path = DeviceInfoViewController.xib; sourceTree = "<group>"; };
/* End PBXFileReference section */

/* Begin PBXFrameworksBuildPhase section */
		1F9DC45A200F83C700DFC64E /* Frameworks */ = {
			isa = PBXFrameworksBuildPhase;
			buildActionMask = 2147483647;
			files = (
				1F06B75A21736E02000CAD80 /* WoodPeckeriOS.framework in Frameworks */,
			);
			runOnlyForDeploymentPostprocessing = 0;
		};
/* End PBXFrameworksBuildPhase section */

/* Begin PBXGroup section */
		1F3A946020C5709E008AE09A /* Notification */ = {
			isa = PBXGroup;
			children = (
				1F3A946120C570C7008AE09A /* NotificationViewController.h */,
				1F3A946220C570C7008AE09A /* NotificationViewController.m */,
				1F3A946320C570C7008AE09A /* NotificationViewController.xib */,
			);
			path = Notification;
			sourceTree = "<group>";
		};
		1F46EBDD20CBEA880037445F /* Console */ = {
			isa = PBXGroup;
			children = (
				1F46EBDE20CBEA980037445F /* ConsoleViewController.h */,
				1F46EBDF20CBEA980037445F /* ConsoleViewController.m */,
				1F46EBE020CBEA980037445F /* ConsoleViewController.xib */,
			);
			path = Console;
			sourceTree = "<group>";
		};
		1F9DC454200F83C700DFC64E = {
			isa = PBXGroup;
			children = (
				1F9DC45F200F83C700DFC64E /* WoodPeckerDemo */,
				1F06B756217355E8000CAD80 /* WoodPeckeriOS.framework */,
				1F9DC45E200F83C700DFC64E /* Products */,
			);
			sourceTree = "<group>";
		};
		1F9DC45E200F83C700DFC64E /* Products */ = {
			isa = PBXGroup;
			children = (
				1F9DC45D200F83C700DFC64E /* WoodPeckerDemo.app */,
			);
			name = Products;
			sourceTree = "<group>";
		};
		1F9DC45F200F83C700DFC64E /* WoodPeckerDemo */ = {
			isa = PBXGroup;
			children = (
				1F9DC476200F842A00DFC64E /* Modules */,
				1F9DC477200F843400DFC64E /* Structure */,
				1F9DC460200F83C700DFC64E /* AppDelegate.h */,
				1F9DC461200F83C700DFC64E /* AppDelegate.m */,
				1F9DC469200F83C700DFC64E /* Assets.xcassets */,
				1F9DC486200F914100DFC64E /* images.xcassets */,
				1F9DC46B200F83C700DFC64E /* LaunchScreen.storyboard */,
				1F9DC46E200F83C700DFC64E /* Info.plist */,
				1F9DC46F200F83C700DFC64E /* main.m */,
			);
			path = WoodPeckerDemo;
			sourceTree = "<group>";
		};
		1F9DC476200F842A00DFC64E /* Modules */ = {
			isa = PBXGroup;
			children = (
				1F46EBDD20CBEA880037445F /* Console */,
				1F3A946020C5709E008AE09A /* Notification */,
				1FB43ABB20ADCA7600BD5B85 /* Controller */,
				1FE5C591205CC350000EC631 /* Device */,
				1FE5C58B205CC1B9000EC631 /* UserDefaults */,
				1F9DC47D200F872700DFC64E /* Sandbox */,
				1F9DC47E200F872C00DFC64E /* Network */,
				1F9DC47F200F873100DFC64E /* IO */,
				1F9DC480200F874300DFC64E /* WebConsole */,
			);
			path = Modules;
			sourceTree = "<group>";
		};
		1F9DC477200F843400DFC64E /* Structure */ = {
			isa = PBXGroup;
			children = (
				1F9DC478200F846100DFC64E /* IndexViewController.h */,
				1F9DC479200F846100DFC64E /* IndexViewController.m */,
				1F9DC47A200F846100DFC64E /* IndexViewController.xib */,
			);
			path = Structure;
			sourceTree = "<group>";
		};
		1F9DC47D200F872700DFC64E /* Sandbox */ = {
			isa = PBXGroup;
			children = (
				1F9DC481200F8BBE00DFC64E /* SandBoxViewController.h */,
				1F9DC482200F8BBE00DFC64E /* SandBoxViewController.m */,
				1F9DC483200F8BBE00DFC64E /* SandBoxViewController.xib */,
			);
			path = Sandbox;
			sourceTree = "<group>";
		};
		1F9DC47E200F872C00DFC64E /* Network */ = {
			isa = PBXGroup;
			children = (
				1F9DC492200F94FB00DFC64E /* NetworkViewController.h */,
				1F9DC493200F94FB00DFC64E /* NetworkViewController.m */,
				1F9DC494200F94FB00DFC64E /* NetworkViewController.xib */,
			);
			path = Network;
			sourceTree = "<group>";
		};
		1F9DC47F200F873100DFC64E /* IO */ = {
			isa = PBXGroup;
			children = (
				1F9DC497200F99C300DFC64E /* IOViewController.h */,
				1F9DC498200F99C300DFC64E /* IOViewController.m */,
				1F9DC499200F99C300DFC64E /* IOViewController.xib */,
				1F9DC49C200F9AF400DFC64E /* EchoService.h */,
				1F9DC49D200F9AF400DFC64E /* EchoService.m */,
			);
			path = IO;
			sourceTree = "<group>";
		};
		1F9DC480200F874300DFC64E /* WebConsole */ = {
			isa = PBXGroup;
			children = (
				1F9DC4A4200F9D4800DFC64E /* WebConsoleViewController.h */,
				1F9DC4A5200F9D4800DFC64E /* WebConsoleViewController.m */,
				1F9DC4A6200F9D4800DFC64E /* WebConsoleViewController.xib */,
				1F9DC4A0200F9D3F00DFC64E /* WebContentViewController.h */,
				1F9DC4A1200F9D3F00DFC64E /* WebContentViewController.m */,
				1F9DC49F200F9D3F00DFC64E /* WebContentViewController.xib */,
			);
			path = WebConsole;
			sourceTree = "<group>";
		};
		1FB43ABB20ADCA7600BD5B85 /* Controller */ = {
			isa = PBXGroup;
			children = (
				1FB43ABC20ADCA9E00BD5B85 /* ControllerHierarchyViewController.h */,
				1FB43ABD20ADCA9E00BD5B85 /* ControllerHierarchyViewController.m */,
				1FB43ABE20ADCA9E00BD5B85 /* ControllerHierarchyViewController.xib */,
			);
			path = Controller;
			sourceTree = "<group>";
		};
		1FE5C58B205CC1B9000EC631 /* UserDefaults */ = {
			isa = PBXGroup;
			children = (
				1FE5C58C205CC1CF000EC631 /* UserDefaultsViewController.h */,
				1FE5C58D205CC1CF000EC631 /* UserDefaultsViewController.m */,
				1FE5C58E205CC1CF000EC631 /* UserDefaultsViewController.xib */,
			);
			path = UserDefaults;
			sourceTree = "<group>";
		};
		1FE5C591205CC350000EC631 /* Device */ = {
			isa = PBXGroup;
			children = (
				1FE5C592205CC35D000EC631 /* DeviceInfoViewController.h */,
				1FE5C593205CC35D000EC631 /* DeviceInfoViewController.m */,
				1FE5C594205CC35D000EC631 /* DeviceInfoViewController.xib */,
			);
			path = Device;
			sourceTree = "<group>";
		};
/* End PBXGroup section */

/* Begin PBXNativeTarget section */
		1F9DC45C200F83C700DFC64E /* WoodPeckerDemo */ = {
			isa = PBXNativeTarget;
			buildConfigurationList = 1F9DC473200F83C700DFC64E /* Build configuration list for PBXNativeTarget "WoodPeckerDemo" */;
			buildPhases = (
				1F9DC459200F83C700DFC64E /* Sources */,
				1F9DC45A200F83C700DFC64E /* Frameworks */,
				1F9DC45B200F83C700DFC64E /* Resources */,
				1F06B75C21736E02000CAD80 /* Embed Frameworks */,
			);
			buildRules = (
			);
			dependencies = (
			);
			name = WoodPeckerDemo;
			productName = WoodPeckerDemo;
			productReference = 1F9DC45D200F83C700DFC64E /* WoodPeckerDemo.app */;
			productType = "com.apple.product-type.application";
		};
/* End PBXNativeTarget section */

/* Begin PBXProject section */
		1F9DC455200F83C700DFC64E /* Project object */ = {
			isa = PBXProject;
			attributes = {
				LastUpgradeCheck = 0920;
				ORGANIZATIONNAME = lifebetter;
				TargetAttributes = {
					1F9DC45C200F83C700DFC64E = {
						CreatedOnToolsVersion = 9.2;
						ProvisioningStyle = Automatic;
					};
				};
			};
			buildConfigurationList = 1F9DC458200F83C700DFC64E /* Build configuration list for PBXProject "WoodPeckerDemo" */;
			compatibilityVersion = "Xcode 8.0";
			developmentRegion = en;
			hasScannedForEncodings = 0;
			knownRegions = (
				en,
				Base,
			);
			mainGroup = 1F9DC454200F83C700DFC64E;
			productRefGroup = 1F9DC45E200F83C700DFC64E /* Products */;
			projectDirPath = "";
			projectRoot = "";
			targets = (
				1F9DC45C200F83C700DFC64E /* WoodPeckerDemo */,
			);
		};
/* End PBXProject section */

/* Begin PBXResourcesBuildPhase section */
		1F9DC45B200F83C700DFC64E /* Resources */ = {
			isa = PBXResourcesBuildPhase;
			buildActionMask = 2147483647;
			files = (
				1F46EBE220CBEA980037445F /* ConsoleViewController.xib in Resources */,
				1FB43AC020ADCA9E00BD5B85 /* ControllerHierarchyViewController.xib in Resources */,
				1F9DC485200F8BBE00DFC64E /* SandBoxViewController.xib in Resources */,
				1F9DC47C200F846100DFC64E /* IndexViewController.xib in Resources */,
				1F9DC46D200F83C700DFC64E /* LaunchScreen.storyboard in Resources */,
				1F9DC46A200F83C700DFC64E /* Assets.xcassets in Resources */,
				1F9DC4A2200F9D3F00DFC64E /* WebContentViewController.xib in Resources */,
				1F9DC487200F914100DFC64E /* images.xcassets in Resources */,
				1F9DC49B200F99C300DFC64E /* IOViewController.xib in Resources */,
				1FE5C590205CC1CF000EC631 /* UserDefaultsViewController.xib in Resources */,
				1FE5C596205CC35D000EC631 /* DeviceInfoViewController.xib in Resources */,
				1F9DC4A8200F9D4800DFC64E /* WebConsoleViewController.xib in Resources */,
				1F9DC496200F94FB00DFC64E /* NetworkViewController.xib in Resources */,
				1F3A946520C570C7008AE09A /* NotificationViewController.xib in Resources */,
			);
			runOnlyForDeploymentPostprocessing = 0;
		};
/* End PBXResourcesBuildPhase section */

/* Begin PBXSourcesBuildPhase section */
		1F9DC459200F83C700DFC64E /* Sources */ = {
			isa = PBXSourcesBuildPhase;
			buildActionMask = 2147483647;
			files = (
				1F9DC49E200F9AF400DFC64E /* EchoService.m in Sources */,
				1F9DC484200F8BBE00DFC64E /* SandBoxViewController.m in Sources */,
				1F9DC470200F83C700DFC64E /* main.m in Sources */,
				1FE5C595205CC35D000EC631 /* DeviceInfoViewController.m in Sources */,
				1FE5C58F205CC1CF000EC631 /* UserDefaultsViewController.m in Sources */,
				1F3A946420C570C7008AE09A /* NotificationViewController.m in Sources */,
				1F9DC49A200F99C300DFC64E /* IOViewController.m in Sources */,
				1F9DC4A3200F9D3F00DFC64E /* WebContentViewController.m in Sources */,
				1F46EBE120CBEA980037445F /* ConsoleViewController.m in Sources */,
				1F9DC4A7200F9D4800DFC64E /* WebConsoleViewController.m in Sources */,
				1FB43ABF20ADCA9E00BD5B85 /* ControllerHierarchyViewController.m in Sources */,
				1F9DC462200F83C700DFC64E /* AppDelegate.m in Sources */,
				1F9DC47B200F846100DFC64E /* IndexViewController.m in Sources */,
				1F9DC495200F94FB00DFC64E /* NetworkViewController.m in Sources */,
			);
			runOnlyForDeploymentPostprocessing = 0;
		};
/* End PBXSourcesBuildPhase section */

/* Begin PBXVariantGroup section */
		1F9DC46B200F83C700DFC64E /* LaunchScreen.storyboard */ = {
			isa = PBXVariantGroup;
			children = (
				1F9DC46C200F83C700DFC64E /* Base */,
			);
			name = LaunchScreen.storyboard;
			sourceTree = "<group>";
		};
/* End PBXVariantGroup section */

/* Begin XCBuildConfiguration section */
		1F9DC471200F83C700DFC64E /* Debug */ = {
			isa = XCBuildConfiguration;
			buildSettings = {
				ALWAYS_SEARCH_USER_PATHS = NO;
				CLANG_ANALYZER_NONNULL = YES;
				CLANG_ANALYZER_NUMBER_OBJECT_CONVERSION = YES_AGGRESSIVE;
				CLANG_CXX_LANGUAGE_STANDARD = "gnu++14";
				CLANG_CXX_LIBRARY = "libc++";
				CLANG_ENABLE_MODULES = YES;
				CLANG_ENABLE_OBJC_ARC = YES;
				CLANG_WARN_BLOCK_CAPTURE_AUTORELEASING = YES;
				CLANG_WARN_BOOL_CONVERSION = YES;
				CLANG_WARN_COMMA = YES;
				CLANG_WARN_CONSTANT_CONVERSION = YES;
				CLANG_WARN_DIRECT_OBJC_ISA_USAGE = YES_ERROR;
				CLANG_WARN_DOCUMENTATION_COMMENTS = YES;
				CLANG_WARN_EMPTY_BODY = YES;
				CLANG_WARN_ENUM_CONVERSION = YES;
				CLANG_WARN_INFINITE_RECURSION = YES;
				CLANG_WARN_INT_CONVERSION = YES;
				CLANG_WARN_NON_LITERAL_NULL_CONVERSION = YES;
				CLANG_WARN_OBJC_LITERAL_CONVERSION = YES;
				CLANG_WARN_OBJC_ROOT_CLASS = YES_ERROR;
				CLANG_WARN_RANGE_LOOP_ANALYSIS = YES;
				CLANG_WARN_STRICT_PROTOTYPES = YES;
				CLANG_WARN_SUSPICIOUS_MOVE = YES;
				CLANG_WARN_UNGUARDED_AVAILABILITY = YES_AGGRESSIVE;
				CLANG_WARN_UNREACHABLE_CODE = YES;
				CLANG_WARN__DUPLICATE_METHOD_MATCH = YES;
				CODE_SIGN_IDENTITY = "iPhone Developer";
				COPY_PHASE_STRIP = NO;
				DEBUG_INFORMATION_FORMAT = dwarf;
				ENABLE_STRICT_OBJC_MSGSEND = YES;
				ENABLE_TESTABILITY = YES;
				GCC_C_LANGUAGE_STANDARD = gnu11;
				GCC_DYNAMIC_NO_PIC = NO;
				GCC_NO_COMMON_BLOCKS = YES;
				GCC_OPTIMIZATION_LEVEL = 0;
				GCC_PREPROCESSOR_DEFINITIONS = (
					"$(inherited)",
					"DEBUG=1",
				);
				GCC_WARN_64_TO_32_BIT_CONVERSION = YES;
				GCC_WARN_ABOUT_RETURN_TYPE = YES_ERROR;
				GCC_WARN_UNDECLARED_SELECTOR = YES;
				GCC_WARN_UNINITIALIZED_AUTOS = YES_AGGRESSIVE;
				GCC_WARN_UNUSED_FUNCTION = YES;
				GCC_WARN_UNUSED_VARIABLE = YES;
				IPHONEOS_DEPLOYMENT_TARGET = 11.2;
				MTL_ENABLE_DEBUG_INFO = YES;
				ONLY_ACTIVE_ARCH = YES;
				SDKROOT = iphoneos;
			};
			name = Debug;
		};
		1F9DC472200F83C700DFC64E /* Release */ = {
			isa = XCBuildConfiguration;
			buildSettings = {
				ALWAYS_SEARCH_USER_PATHS = NO;
				CLANG_ANALYZER_NONNULL = YES;
				CLANG_ANALYZER_NUMBER_OBJECT_CONVERSION = YES_AGGRESSIVE;
				CLANG_CXX_LANGUAGE_STANDARD = "gnu++14";
				CLANG_CXX_LIBRARY = "libc++";
				CLANG_ENABLE_MODULES = YES;
				CLANG_ENABLE_OBJC_ARC = YES;
				CLANG_WARN_BLOCK_CAPTURE_AUTORELEASING = YES;
				CLANG_WARN_BOOL_CONVERSION = YES;
				CLANG_WARN_COMMA = YES;
				CLANG_WARN_CONSTANT_CONVERSION = YES;
				CLANG_WARN_DIRECT_OBJC_ISA_USAGE = YES_ERROR;
				CLANG_WARN_DOCUMENTATION_COMMENTS = YES;
				CLANG_WARN_EMPTY_BODY = YES;
				CLANG_WARN_ENUM_CONVERSION = YES;
				CLANG_WARN_INFINITE_RECURSION = YES;
				CLANG_WARN_INT_CONVERSION = YES;
				CLANG_WARN_NON_LITERAL_NULL_CONVERSION = YES;
				CLANG_WARN_OBJC_LITERAL_CONVERSION = YES;
				CLANG_WARN_OBJC_ROOT_CLASS = YES_ERROR;
				CLANG_WARN_RANGE_LOOP_ANALYSIS = YES;
				CLANG_WARN_STRICT_PROTOTYPES = YES;
				CLANG_WARN_SUSPICIOUS_MOVE = YES;
				CLANG_WARN_UNGUARDED_AVAILABILITY = YES_AGGRESSIVE;
				CLANG_WARN_UNREACHABLE_CODE = YES;
				CLANG_WARN__DUPLICATE_METHOD_MATCH = YES;
				CODE_SIGN_IDENTITY = "iPhone Developer";
				COPY_PHASE_STRIP = NO;
				DEBUG_INFORMATION_FORMAT = "dwarf-with-dsym";
				ENABLE_NS_ASSERTIONS = NO;
				ENABLE_STRICT_OBJC_MSGSEND = YES;
				GCC_C_LANGUAGE_STANDARD = gnu11;
				GCC_NO_COMMON_BLOCKS = YES;
				GCC_WARN_64_TO_32_BIT_CONVERSION = YES;
				GCC_WARN_ABOUT_RETURN_TYPE = YES_ERROR;
				GCC_WARN_UNDECLARED_SELECTOR = YES;
				GCC_WARN_UNINITIALIZED_AUTOS = YES_AGGRESSIVE;
				GCC_WARN_UNUSED_FUNCTION = YES;
				GCC_WARN_UNUSED_VARIABLE = YES;
				IPHONEOS_DEPLOYMENT_TARGET = 11.2;
				MTL_ENABLE_DEBUG_INFO = NO;
				SDKROOT = iphoneos;
				VALIDATE_PRODUCT = YES;
			};
			name = Release;
		};
		1F9DC474200F83C700DFC64E /* Debug */ = {
			isa = XCBuildConfiguration;
			buildSettings = {
				ASSETCATALOG_COMPILER_APPICON_NAME = AppIcon;
				"CODE_SIGN_IDENTITY[sdk=iphoneos*]" = "iPhone Developer";
				CODE_SIGN_STYLE = Automatic;
				DEVELOPMENT_TEAM = 8HG49Q463F;
				FRAMEWORK_SEARCH_PATHS = (
					"$(inherited)",
					"$(PROJECT_DIR)/../",
					"$(PROJECT_DIR)",
				);
				GCC_PREPROCESSOR_DEFINITIONS = "$(inherited)";
				INFOPLIST_FILE = WoodPeckerDemo/Info.plist;
				IPHONEOS_DEPLOYMENT_TARGET = 8.0;
				LD_RUNPATH_SEARCH_PATHS = "$(inherited) @executable_path/Frameworks";
				PRODUCT_BUNDLE_IDENTIFIER = lifebetter.WoodPeckerDemo;
				PRODUCT_NAME = "$(TARGET_NAME)";
				PROVISIONING_PROFILE_SPECIFIER = "";
				TARGETED_DEVICE_FAMILY = "1,2";
			};
			name = Debug;
		};
		1F9DC475200F83C700DFC64E /* Release */ = {
			isa = XCBuildConfiguration;
			buildSettings = {
				ASSETCATALOG_COMPILER_APPICON_NAME = AppIcon;
				"CODE_SIGN_IDENTITY[sdk=iphoneos*]" = "iPhone Developer";
				CODE_SIGN_STYLE = Automatic;
				DEVELOPMENT_TEAM = 8HG49Q463F;
				FRAMEWORK_SEARCH_PATHS = (
					"$(inherited)",
					"$(PROJECT_DIR)/../",
					"$(PROJECT_DIR)",
				);
				INFOPLIST_FILE = WoodPeckerDemo/Info.plist;
				IPHONEOS_DEPLOYMENT_TARGET = 8.0;
				LD_RUNPATH_SEARCH_PATHS = "$(inherited) @executable_path/Frameworks";
				PRODUCT_BUNDLE_IDENTIFIER = lifebetter.WoodPeckerDemo;
				PRODUCT_NAME = "$(TARGET_NAME)";
				PROVISIONING_PROFILE_SPECIFIER = "";
				TARGETED_DEVICE_FAMILY = "1,2";
			};
			name = Release;
		};
/* End XCBuildConfiguration section */

/* Begin XCConfigurationList section */
		1F9DC458200F83C700DFC64E /* Build configuration list for PBXProject "WoodPeckerDemo" */ = {
			isa = XCConfigurationList;
			buildConfigurations = (
				1F9DC471200F83C700DFC64E /* Debug */,
				1F9DC472200F83C700DFC64E /* Release */,
			);
			defaultConfigurationIsVisible = 0;
			defaultConfigurationName = Release;
		};
		1F9DC473200F83C700DFC64E /* Build configuration list for PBXNativeTarget "WoodPeckerDemo" */ = {
			isa = XCConfigurationList;
			buildConfigurations = (
				1F9DC474200F83C700DFC64E /* Debug */,
				1F9DC475200F83C700DFC64E /* Release */,
			);
			defaultConfigurationIsVisible = 0;
			defaultConfigurationName = Release;
		};
/* End XCConfigurationList section */
	};
	rootObject = 1F9DC455200F83C700DFC64E /* Project object */;
}
